Microsoft Visual Studio Solution File, Format Version 12.00
# Visual Studio Version 17
VisualStudioVersion = 17.5.2.0
MinimumVisualStudioVersion = 10.0.40219.1
Project("{FAE04EC0-301F-11D3-BF4B-00C04F79EFBC}") = "CCEAPI", "CCEAPI.csproj", "{9A6C2CDF-3A40-B861-8F64-8B7CDA4B4958}"
EndProject
Global
	GlobalSection(SolutionConfigurationPlatforms) = preSolution
		Debug|Any CPU = Debug|Any CPU
		Release|Any CPU = Release|Any CPU
	EndGlobalSection
	GlobalSection(ProjectConfigurationPlatforms) = postSolution
		{9A6C2CDF-3A40-B861-8F64-8B7CDA4B4958}.Debug|Any CPU.ActiveCfg = Debug|Any CPU
		{9A6C2CDF-3A40-B861-8F64-8B7CDA4B4958}.Debug|Any CPU.Build.0 = Debug|Any CPU
		{9A6C2CDF-3A40-B861-8F64-8B7CDA4B4958}.Release|Any CPU.ActiveCfg = Release|Any CPU
		{9A6C2CDF-3A40-B861-8F64-8B7CDA4B4958}.Release|Any CPU.Build.0 = Release|Any CPU
	EndGlobalSection
	GlobalSection(SolutionProperties) = preSolution
		HideSolutionNode = FALSE
	EndGlobalSection
	GlobalSection(ExtensibilityGlobals) = postSolution
		SolutionGuid = {E75FBA3B-D375-4054-B96C-22013E1A6608}
	EndGlobalSection
EndGlobal
